
Microsoft Visual Studio Solution File, Format Version 12.00
# Visual Studio Version 17
VisualStudioVersion = 17.7.34202.233
MinimumVisualStudioVersion = 10.0.40219.1
Project("{FAE04EC0-301F-11D3-BF4B-00C04F79EFBC}") = "Exercise1", "Exercise\Exercise1.csproj", "{B8EF924C-75A3-4D56-8769-FC79B33AFC73}"
EndProject
Global
	GlobalSection(SolutionConfigurationPlatforms) = preSolution
		Debug|Any CPU = Debug|Any CPU
		Release|Any CPU = Release|Any CPU
	EndGlobalSection
	GlobalSection(ProjectConfigurationPlatforms) = postSolution
		{B8EF924C-75A3-4D56-8769-FC79B33AFC73}.Debug|Any CPU.ActiveCfg = Debug|Any CPU
		{B8EF924C-75A3-4D56-8769-FC79B33AFC73}.Debug|Any CPU.Build.0 = Debug|Any CPU
		{B8EF924C-75A3-4D56-8769-FC79B33AFC73}.Release|Any CPU.ActiveCfg = Release|Any CPU
		{B8EF924C-75A3-4D56-8769-FC79B33AFC73}.Release|Any CPU.Build.0 = Release|Any CPU
	EndGlobalSection
	GlobalSection(SolutionProperties) = preSolution
		HideSolutionNode = FALSE
	EndGlobalSection
	GlobalSection(ExtensibilityGlobals) = postSolution
		SolutionGuid = {6493E3F8-2CB5-45D5-8E82-A14A5F028469}
	EndGlobalSection
EndGlobal
